
Microsoft Visual Studio Solution File, Format Version 12.00
# Visual Studio Version 17
VisualStudioVersion = 17.9.34622.214
MinimumVisualStudioVersion = 10.0.40219.1
Project("{FAE04EC0-301F-11D3-BF4B-00C04F79EFBC}") = "MazeT", "MazeT\MazeT.csproj", "{379B9DA4-645D-411E-846A-CFABB6F452FD}"
EndProject
Global
	GlobalSection(SolutionConfigurationPlatforms) = preSolution
		Debug|Any CPU = Debug|Any CPU
		Release|Any CPU = Release|Any CPU
	EndGlobalSection
	GlobalSection(ProjectConfigurationPlatforms) = postSolution
		{379B9DA4-645D-411E-846A-CFABB6F452FD}.Debug|Any CPU.ActiveCfg = Debug|Any CPU
		{379B9DA4-645D-411E-846A-CFABB6F452FD}.Debug|Any CPU.Build.0 = Debug|Any CPU
		{379B9DA4-645D-411E-846A-CFABB6F452FD}.Release|Any CPU.ActiveCfg = Release|Any CPU
		{379B9DA4-645D-411E-846A-CFABB6F452FD}.Release|Any CPU.Build.0 = Release|Any CPU
	EndGlobalSection
	GlobalSection(SolutionProperties) = preSolution
		HideSolutionNode = FALSE
	EndGlobalSection
	GlobalSection(ExtensibilityGlobals) = postSolution
		SolutionGuid = {FE53AD44-0208-4A1E-AA1A-CFEC784B39A6}
	EndGlobalSection
EndGlobal
